// !$*UTF8*$!
{
	archiveVersion = 1;
	classes = {
	};
	objectVersion = 77;
	objects = {

/* Begin PBXBuildFile section */
		AAF55DCD3057D3B100BB0661 /* AppDelegate.swift in Sources */ = {isa = PBXBuildFile; fileRef = AAF55DCC3057D3B100BB0661 /* AppDelegate.swift */; };
		AAF55DD13057D3B100BB0661 /* Main.html in Resources */ = {isa = PBXBuildFile; fileRef = AAF55DCF3057D3B100BB0661 /* Main.html */; };
		AAF55DD33057D3B100BB0661 /* Icon.png in Resources */ = {isa = PBXBuildFile; fileRef = AAF55DD23057D3B100BB0661 /* Icon.png */; };
		AAF55DD53057D3B100BB0661 /* Style.css in Resources */ = {isa = PBXBuildFile; fileRef = AAF55DD43057D3B100BB0661 /* Style.css */; };
		AAF55DD73057D3B100BB0661 /* Script.js in Resources */ = {isa = PBXBuildFile; fileRef = AAF55DD63057D3B100BB0661 /* Script.js */; };
		AAF55DD93057D3B100BB0661 /* ViewController.swift in Sources */ = {isa = PBXBuildFile; fileRef = AAF55DD83057D3B100BB0661 /* ViewController.swift */; };
		AAF55DDC3057D3B100BB0661 /* Main.storyboard in Resources */ = {isa = PBXBuildFile; fileRef = AAF55DDA3057D3B100BB0661 /* Main.storyboard */; };
		AAF55DDE3057D3B200BB0661 /* Assets.xcassets in Resources */ = {isa = PBXBuildFile; fileRef = AAF55DDD3057D3B200BB0661 /* Assets.xcassets */; };
		AAF55DE53057D3B200BB0661 /* WebPilot Extension.appex in Embed Foundation Extensions */ = {isa = PBXBuildFile; fileRef = AAF55DE43057D3B200BB0661 /* WebPilot Extension.appex */; settings = {ATTRIBUTES = (RemoveHeadersOnCopy, ); }; };
		AAF55DEA3057D3B200BB0661 /* SafariWebExtensionHandler.swift in Sources */ = {isa = PBXBuildFile; fileRef = AAF55DE93057D3B200BB0661 /* SafariWebExtensionHandler.swift */; };
		AAF55DF93057D3B300BB0661 /* background.js in Resources */ = {isa = PBXBuildFile; fileRef = AAF55DF63057D3B300BB0661 /* background.js */; };
		AAF55DFA3057D3B300BB0661 /* manifest.json in Resources */ = {isa = PBXBuildFile; fileRef = AAF55DF73057D3B300BB0661 /* manifest.json */; };
		AAF55DFB3057D3B300BB0661 /* content.js in Resources */ = {isa = PBXBuildFile; fileRef = AAF55DF83057D3B300BB0661 /* content.js */; };
/* End PBXBuildFile section */

/* Begin PBXContainerItemProxy section */
		AAF55DE63057D3B200BB0661 /* PBXContainerItemProxy */ = {
			isa = PBXContainerItemProxy;
			containerPortal = AAF55DC13057D3B100BB0661 /* Project object */;
			proxyType = 1;
			remoteGlobalIDString = AAF55DE33057D3B200BB0661;
			remoteInfo = "WebPilot Extension";
		};
/* End PBXContainerItemProxy section */

/* Begin PBXCopyFilesBuildPhase section */
		AAF55DF13057D3B200BB0661 /* Embed Foundation Extensions */ = {
			isa = PBXCopyFilesBuildPhase;
			buildActionMask = 2147483647;
			dstPath = "";
			dstSubfolderSpec = 13;
			files = (
				AAF55DE53057D3B200BB0661 /* WebPilot Extension.appex in Embed Foundation Extensions */,
			);
			name = "Embed Foundation Extensions";
			runOnlyForDeploymentPostprocessing = 0;
		};
/* End PBXCopyFilesBuildPhase section */

/* Begin PBXFileReference section */
		AAF55DC93057D3B100BB0661 /* WebPilot.app */ = {isa = PBXFileReference; explicitFileType = wrapper.application; includeInIndex = 0; path = WebPilot.app; sourceTree = BUILT_PRODUCTS_DIR; };
		AAF55DCC3057D3B100BB0661 /* AppDelegate.swift */ = {isa = PBXFileReference; lastKnownFileType = sourcecode.swift; path = AppDelegate.swift; sourceTree = "<group>"; };
		AAF55DD03057D3B100BB0661 /* Base */ = {isa = PBXFileReference; lastKnownFileType = text.html; name = Base; path = Base.lproj/Main.html; sourceTree = "<group>"; };
		AAF55DD23057D3B100BB0661 /* Icon.png */ = {isa = PBXFileReference; lastKnownFileType = image.png; path = Icon.png; sourceTree = "<group>"; };
		AAF55DD43057D3B100BB0661 /* Style.css */ = {isa = PBXFileReference; lastKnownFileType = text.css; path = Style.css; sourceTree = "<group>"; };
		AAF55DD63057D3B100BB0661 /* Script.js */ = {isa = PBXFileReference; lastKnownFileType = sourcecode.javascript; path = Script.js; sourceTree = "<group>"; };
		AAF55DD83057D3B100BB0661 /* ViewController.swift */ = {isa = PBXFileReference; lastKnownFileType = sourcecode.swift; path = ViewController.swift; sourceTree = "<group>"; };
		AAF55DDB3057D3B100BB0661 /* Base */ = {isa = PBXFileReference; lastKnownFileType = file.storyboard; name = Base; path = Base.lproj/Main.storyboard; sourceTree = "<group>"; };
		AAF55DDD3057D3B200BB0661 /* Assets.xcassets */ = {isa = PBXFileReference; lastKnownFileType = folder.assetcatalog; path = Assets.xcassets; sourceTree = "<group>"; };
		AAF55DDF3057D3B200BB0661 /* Info.plist */ = {isa = PBXFileReference; lastKnownFileType = text.plist.xml; path = Info.plist; sourceTree = "<group>"; };
		AAF55DE43057D3B200BB0661 /* WebPilot Extension.appex */ = {isa = PBXFileReference; explicitFileType = "wrapper.app-extension"; includeInIndex = 0; path = "WebPilot Extension.appex"; sourceTree = BUILT_PRODUCTS_DIR; };
		AAF55DE93057D3B200BB0661 /* SafariWebExtensionHandler.swift */ = {isa = PBXFileReference; lastKnownFileType = sourcecode.swift; path = SafariWebExtensionHandler.swift; sourceTree = "<group>"; };
		AAF55DEB3057D3B200BB0661 /* Info.plist */ = {isa = PBXFileReference; lastKnownFileType = text.plist.xml; path = Info.plist; sourceTree = "<group>"; };
		AAF55DF63057D3B300BB0661 /* background.js */ = {isa = PBXFileReference; lastKnownFileType = sourcecode.javascript; name = background.js; path = Resources/background.js; sourceTree = "<group>"; };
		AAF55DF73057D3B300BB0661 /* manifest.json */ = {isa = PBXFileReference; lastKnownFileType = text.json; name = manifest.json; path = Resources/manifest.json; sourceTree = "<group>"; };
		AAF55DF83057D3B300BB0661 /* content.js */ = {isa = PBXFileReference; lastKnownFileType = sourcecode.javascript; name = content.js; path = Resources/content.js; sourceTree = "<group>"; };
/* End PBXFileReference section */

/* Begin PBXFrameworksBuildPhase section */
		AAF55DC63057D3B100BB0661 /* Frameworks */ = {
			isa = PBXFrameworksBuildPhase;
			buildActionMask = 2147483647;
			files = (
			);
			runOnlyForDeploymentPostprocessing = 0;
		};
		AAF55DE13057D3B200BB0661 /* Frameworks */ = {
			isa = PBXFrameworksBuildPhase;
			buildActionMask = 2147483647;
			files = (
			);
			runOnlyForDeploymentPostprocessing = 0;
		};
/* End PBXFrameworksBuildPhase section */

/* Begin PBXGroup section */
		AAF55DC03057D3B100BB0661 = {
			isa = PBXGroup;
			children = (
				AAF55DCB3057D3B100BB0661 /* WebPilot */,
				AAF55DE83057D3B200BB0661 /* WebPilot Extension */,
				AAF55DCA3057D3B100BB0661 /* Products */,
			);
			sourceTree = "<group>";
		};
		AAF55DCA3057D3B100BB0661 /* Products */ = {
			isa = PBXGroup;
			children = (
				AAF55DC93057D3B100BB0661 /* WebPilot.app */,
				AAF55DE43057D3B200BB0661 /* WebPilot Extension.appex */,
			);
			name = Products;
			sourceTree = "<group>";
		};
		AAF55DCB3057D3B100BB0661 /* WebPilot */ = {
			isa = PBXGroup;
			children = (
				AAF55DCC3057D3B100BB0661 /* AppDelegate.swift */,
				AAF55DD83057D3B100BB0661 /* ViewController.swift */,
				AAF55DDA3057D3B100BB0661 /* Main.storyboard */,
				AAF55DDD3057D3B200BB0661 /* Assets.xcassets */,
				AAF55DDF3057D3B200BB0661 /* Info.plist */,
				AAF55DCE3057D3B100BB0661 /* Resources */,
			);
			path = WebPilot;
			sourceTree = "<group>";
		};
		AAF55DCE3057D3B100BB0661 /* Resources */ = {
			isa = PBXGroup;
			children = (
				AAF55DCF3057D3B100BB0661 /* Main.html */,
				AAF55DD23057D3B100BB0661 /* Icon.png */,
				AAF55DD43057D3B100BB0661 /* Style.css */,
				AAF55DD63057D3B100BB0661 /* Script.js */,
			);
			path = Resources;
			sourceTree = "<group>";
		};
		AAF55DE83057D3B200BB0661 /* WebPilot Extension */ = {
			isa = PBXGroup;
			children = (
				AAF55DF53057D3B300BB0661 /* Resources */,
				AAF55DE93057D3B200BB0661 /* SafariWebExtensionHandler.swift */,
				AAF55DEB3057D3B200BB0661 /* Info.plist */,
			);
			path = "WebPilot Extension";
			sourceTree = "<group>";
		};
		AAF55DF53057D3B300BB0661 /* Resources */ = {
			isa = PBXGroup;
			children = (
				AAF55DF63057D3B300BB0661 /* background.js */,
				AAF55DF73057D3B300BB0661 /* manifest.json */,
				AAF55DF83057D3B300BB0661 /* content.js */,
			);
			name = Resources;
			path = "WebPilot Extension";
			sourceTree = SOURCE_ROOT;
		};
/* End PBXGroup section */

/* Begin PBXNativeTarget section */
		AAF55DC83057D3B100BB0661 /* WebPilot */ = {
			isa = PBXNativeTarget;
			buildConfigurationList = AAF55DF23057D3B200BB0661 /* Build configuration list for PBXNativeTarget "WebPilot" */;
			buildPhases = (
				AAF55DC53057D3B100BB0661 /* Sources */,
				AAF55DC63057D3B100BB0661 /* Frameworks */,
				AAF55DC73057D3B100BB0661 /* Resources */,
				AAF55DF13057D3B200BB0661 /* Embed Foundation Extensions */,
			);
			buildRules = (
			);
			dependencies = (
				AAF55DE73057D3B200BB0661 /* PBXTargetDependency */,
			);
			name = WebPilot;
			packageProductDependencies = (
			);
			productName = WebPilot;
			productReference = AAF55DC93057D3B100BB0661 /* WebPilot.app */;
			productType = "com.apple.product-type.application";
		};
		AAF55DE33057D3B200BB0661 /* WebPilot Extension */ = {
			isa = PBXNativeTarget;
			buildConfigurationList = AAF55DEE3057D3B200BB0661 /* Build configuration list for PBXNativeTarget "WebPilot Extension" */;
			buildPhases = (
				AAF55DE03057D3B200BB0661 /* Sources */,
				AAF55DE13057D3B200BB0661 /* Frameworks */,
				AAF55DE23057D3B200BB0661 /* Resources */,
			);
			buildRules = (
			);
			dependencies = (
			);
			name = "WebPilot Extension";
			packageProductDependencies = (
			);
			productName = "WebPilot Extension";
			productReference = AAF55DE43057D3B200BB0661 /* WebPilot Extension.appex */;
			productType = "com.apple.product-type.app-extension";
		};
/* End PBXNativeTarget section */

/* Begin PBXProject section */
		AAF55DC13057D3B100BB0661 /* Project object */ = {
			isa = PBXProject;
			attributes = {
				BuildIndependentTargetsInParallel = 1;
				LastSwiftUpdateCheck = 2660;
				LastUpgradeCheck = 2660;
				TargetAttributes = {
					AAF55DC83057D3B100BB0661 = {
						CreatedOnToolsVersion = 26.6;
					};
					AAF55DE33057D3B200BB0661 = {
						CreatedOnToolsVersion = 26.6;
					};
				};
			};
			buildConfigurationList = AAF55DC43057D3B100BB0661 /* Build configuration list for PBXProject "WebPilot" */;
			developmentRegion = en;
			hasScannedForEncodings = 0;
			knownRegions = (
				en,
				Base,
			);
			mainGroup = AAF55DC03057D3B100BB0661;
			minimizedProjectReferenceProxies = 1;
			preferredProjectObjectVersion = 77;
			productRefGroup = AAF55DCA3057D3B100BB0661 /* Products */;
			projectDirPath = "";
			projectRoot = "";
			targets = (
				AAF55DC83057D3B100BB0661 /* WebPilot */,
				AAF55DE33057D3B200BB0661 /* WebPilot Extension */,
			);
		};
/* End PBXProject section */

/* Begin PBXResourcesBuildPhase section */
		AAF55DC73057D3B100BB0661 /* Resources */ = {
			isa = PBXResourcesBuildPhase;
			buildActionMask = 2147483647;
			files = (
				AAF55DD33057D3B100BB0661 /* Icon.png in Resources */,
				AAF55DDC3057D3B100BB0661 /* Main.storyboard in Resources */,
				AAF55DD73057D3B100BB0661 /* Script.js in Resources */,
				AAF55DD13057D3B100BB0661 /* Main.html in Resources */,
				AAF55DDE3057D3B200BB0661 /* Assets.xcassets in Resources */,
				AAF55DD53057D3B100BB0661 /* Style.css in Resources */,
			);
			runOnlyForDeploymentPostprocessing = 0;
		};
		AAF55DE23057D3B200BB0661 /* Resources */ = {
			isa = PBXResourcesBuildPhase;
			buildActionMask = 2147483647;
			files = (
				AAF55DFB3057D3B300BB0661 /* content.js in Resources */,
				AAF55DFA3057D3B300BB0661 /* manifest.json in Resources */,
				AAF55DF93057D3B300BB0661 /* background.js in Resources */,
			);
			runOnlyForDeploymentPostprocessing = 0;
		};
/* End PBXResourcesBuildPhase section */

/* Begin PBXSourcesBuildPhase section */
		AAF55DC53057D3B100BB0661 /* Sources */ = {
			isa = PBXSourcesBuildPhase;
			buildActionMask = 2147483647;
			files = (
				AAF55DD93057D3B100BB0661 /* ViewController.swift in Sources */,
				AAF55DCD3057D3B100BB0661 /* AppDelegate.swift in Sources */,
			);
			runOnlyForDeploymentPostprocessing = 0;
		};
		AAF55DE03057D3B200BB0661 /* Sources */ = {
			isa = PBXSourcesBuildPhase;
			buildActionMask = 2147483647;
			files = (
				AAF55DEA3057D3B200BB0661 /* SafariWebExtensionHandler.swift in Sources */,
			);
			runOnlyForDeploymentPostprocessing = 0;
		};
/* End PBXSourcesBuildPhase section */

/* Begin PBXTargetDependency section */
		AAF55DE73057D3B200BB0661 /* PBXTargetDependency */ = {
			isa = PBXTargetDependency;
			target = AAF55DE33057D3B200BB0661 /* WebPilot Extension */;
			targetProxy = AAF55DE63057D3B200BB0661 /* PBXContainerItemProxy */;
		};
/* End PBXTargetDependency section */

/* Begin PBXVariantGroup section */
		AAF55DCF3057D3B100BB0661 /* Main.html */ = {
			isa = PBXVariantGroup;
			children = (
				AAF55DD03057D3B100BB0661 /* Base */,
			);
			name = Main.html;
			sourceTree = "<group>";
		};
		AAF55DDA3057D3B100BB0661 /* Main.storyboard */ = {
			isa = PBXVariantGroup;
			children = (
				AAF55DDB3057D3B100BB0661 /* Base */,
			);
			name = Main.storyboard;
			sourceTree = "<group>";
		};
/* End PBXVariantGroup section */

/* Begin XCBuildConfiguration section */
		AAF55DEC3057D3B200BB0661 /* Debug */ = {
			isa = XCBuildConfiguration;
			buildSettings = {
				ALWAYS_SEARCH_USER_PATHS = NO;
				ASSETCATALOG_COMPILER_GENERATE_SWIFT_ASSET_SYMBOL_EXTENSIONS = YES;
				CLANG_ANALYZER_NONNULL = YES;
				CLANG_ANALYZER_NUMBER_OBJECT_CONVERSION = YES_AGGRESSIVE;
				CLANG_CXX_LANGUAGE_STANDARD = "gnu++20";
				CLANG_ENABLE_MODULES = YES;
				CLANG_ENABLE_OBJC_ARC = YES;
				CLANG_ENABLE_OBJC_WEAK = YES;
				CLANG_WARN_BLOCK_CAPTURE_AUTORELEASING = YES;
				CLANG_WARN_BOOL_CONVERSION = YES;
				CLANG_WARN_COMMA = YES;
				CLANG_WARN_CONSTANT_CONVERSION = YES;
				CLANG_WARN_DEPRECATED_OBJC_IMPLEMENTATIONS = YES;
				CLANG_WARN_DIRECT_OBJC_ISA_USAGE = YES_ERROR;
				CLANG_WARN_DOCUMENTATION_COMMENTS = YES;
				CLANG_WARN_EMPTY_BODY = YES;
				CLANG_WARN_ENUM_CONVERSION = YES;
				CLANG_WARN_INFINITE_RECURSION = YES;
				CLANG_WARN_INT_CONVERSION = YES;
				CLANG_WARN_NON_LITERAL_NULL_CONVERSION = YES;
				CLANG_WARN_OBJC_IMPLICIT_RETAIN_SELF = YES;
				CLANG_WARN_OBJC_LITERAL_CONVERSION = YES;
				CLANG_WARN_OBJC_ROOT_CLASS = YES_ERROR;
				CLANG_WARN_QUOTED_INCLUDE_IN_FRAMEWORK_HEADER = YES;
				CLANG_WARN_RANGE_LOOP_ANALYSIS = YES;
				CLANG_WARN_STRICT_PROTOTYPES = YES;
				CLANG_WARN_SUSPICIOUS_MOVE = YES;
				CLANG_WARN_UNGUARDED_AVAILABILITY = YES_AGGRESSIVE;
				CLANG_WARN_UNREACHABLE_CODE = YES;
				CLANG_WARN__DUPLICATE_METHOD_MATCH = YES;
				COPY_PHASE_STRIP = NO;
				DEBUG_INFORMATION_FORMAT = dwarf;
				ENABLE_STRICT_OBJC_MSGSEND = YES;
				ENABLE_TESTABILITY = YES;
				ENABLE_USER_SCRIPT_SANDBOXING = YES;
				GCC_C_LANGUAGE_STANDARD = gnu17;
				GCC_DYNAMIC_NO_PIC = NO;
				GCC_NO_COMMON_BLOCKS = YES;
				GCC_OPTIMIZATION_LEVEL = 0;
				GCC_PREPROCESSOR_DEFINITIONS = (
					"DEBUG=1",
					"$(inherited)",
				);
				GCC_WARN_64_TO_32_BIT_CONVERSION = YES;
				GCC_WARN_ABOUT_RETURN_TYPE = YES_ERROR;
				GCC_WARN_UNDECLARED_SELECTOR = YES;
				GCC_WARN_UNINITIALIZED_AUTOS = YES_AGGRESSIVE;
				GCC_WARN_UNUSED_FUNCTION = YES;
				GCC_WARN_UNUSED_VARIABLE = YES;
				LOCALIZATION_PREFERS_STRING_CATALOGS = YES;
				MACOSX_DEPLOYMENT_TARGET = 26.5;
				MTL_ENABLE_DEBUG_INFO = INCLUDE_SOURCE;
				MTL_FAST_MATH = YES;
				ONLY_ACTIVE_ARCH = YES;
				SDKROOT = macosx;
				SWIFT_ACTIVE_COMPILATION_CONDITIONS = "DEBUG $(inherited)";
				SWIFT_OPTIMIZATION_LEVEL = "-Onone";
			};
			name = Debug;
		};
		AAF55DED3057D3B200BB0661 /* Release */ = {
			isa = XCBuildConfiguration;
			buildSettings = {
				ALWAYS_SEARCH_USER_PATHS = NO;
				ASSETCATALOG_COMPILER_GENERATE_SWIFT_ASSET_SYMBOL_EXTENSIONS = YES;
				CLANG_ANALYZER_NONNULL = YES;
				CLANG_ANALYZER_NUMBER_OBJECT_CONVERSION = YES_AGGRESSIVE;
				CLANG_CXX_LANGUAGE_STANDARD = "gnu++20";
				CLANG_ENABLE_MODULES = YES;
				CLANG_ENABLE_OBJC_ARC = YES;
				CLANG_ENABLE_OBJC_WEAK = YES;
				CLANG_WARN_BLOCK_CAPTURE_AUTORELEASING = YES;
				CLANG_WARN_BOOL_CONVERSION = YES;
				CLANG_WARN_COMMA = YES;
				CLANG_WARN_CONSTANT_CONVERSION = YES;
				CLANG_WARN_DEPRECATED_OBJC_IMPLEMENTATIONS = YES;
				CLANG_WARN_DIRECT_OBJC_ISA_USAGE = YES_ERROR;
				CLANG_WARN_DOCUMENTATION_COMMENTS = YES;
				CLANG_WARN_EMPTY_BODY = YES;
				CLANG_WARN_ENUM_CONVERSION = YES;
				CLANG_WARN_INFINITE_RECURSION = YES;
				CLANG_WARN_INT_CONVERSION = YES;
				CLANG_WARN_NON_LITERAL_NULL_CONVERSION = YES;
				CLANG_WARN_OBJC_IMPLICIT_RETAIN_SELF = YES;
				CLANG_WARN_OBJC_LITERAL_CONVERSION = YES;
				CLANG_WARN_OBJC_ROOT_CLASS = YES_ERROR;
				CLANG_WARN_QUOTED_INCLUDE_IN_FRAMEWORK_HEADER = YES;
				CLANG_WARN_RANGE_LOOP_ANALYSIS = YES;
				CLANG_WARN_STRICT_PROTOTYPES = YES;
				CLANG_WARN_SUSPICIOUS_MOVE = YES;
				CLANG_WARN_UNGUARDED_AVAILABILITY = YES_AGGRESSIVE;
				CLANG_WARN_UNREACHABLE_CODE = YES;
				CLANG_WARN__DUPLICATE_METHOD_MATCH = YES;
				COPY_PHASE_STRIP = NO;
				DEBUG_INFORMATION_FORMAT = "dwarf-with-dsym";
				ENABLE_NS_ASSERTIONS = NO;
				ENABLE_STRICT_OBJC_MSGSEND = YES;
				ENABLE_USER_SCRIPT_SANDBOXING = YES;
				GCC_C_LANGUAGE_STANDARD = gnu17;
				GCC_NO_COMMON_BLOCKS = YES;
				GCC_WARN_64_TO_32_BIT_CONVERSION = YES;
				GCC_WARN_ABOUT_RETURN_TYPE = YES_ERROR;
				GCC_WARN_UNDECLARED_SELECTOR = YES;
				GCC_WARN_UNINITIALIZED_AUTOS = YES_AGGRESSIVE;
				GCC_WARN_UNUSED_FUNCTION = YES;
				GCC_WARN_UNUSED_VARIABLE = YES;
				LOCALIZATION_PREFERS_STRING_CATALOGS = YES;
				MACOSX_DEPLOYMENT_TARGET = 26.5;
				MTL_ENABLE_DEBUG_INFO = NO;
				MTL_FAST_MATH = YES;
				SDKROOT = macosx;
				SWIFT_COMPILATION_MODE = wholemodule;
			};
			name = Release;
		};
		AAF55DEF3057D3B200BB0661 /* Debug */ = {
			isa = XCBuildConfiguration;
			buildSettings = {
				CODE_SIGN_STYLE = Automatic;
				CURRENT_PROJECT_VERSION = 1;
				ENABLE_APP_SANDBOX = YES;
				ENABLE_HARDENED_RUNTIME = YES;
				ENABLE_USER_SELECTED_FILES = readonly;
				GENERATE_INFOPLIST_FILE = YES;
				INFOPLIST_FILE = "WebPilot Extension/Info.plist";
				INFOPLIST_KEY_CFBundleDisplayName = "WebPilot Extension";
				INFOPLIST_KEY_NSHumanReadableCopyright = "";
				LD_RUNPATH_SEARCH_PATHS = (
					"$(inherited)",
					"@executable_path/../Frameworks",
					"@executable_path/../../../../Frameworks",
				);
				MACOSX_DEPLOYMENT_TARGET = 10.14;
				MARKETING_VERSION = 1.0;
				OTHER_LDFLAGS = (
					"-framework",
					SafariServices,
				);
				PRODUCT_BUNDLE_IDENTIFIER = com.mohammedhamza.WebPilot.Extension;
				PRODUCT_NAME = "$(TARGET_NAME)";
				SKIP_INSTALL = YES;
				STRING_CATALOG_GENERATE_SYMBOLS = YES;
				SWIFT_APPROACHABLE_CONCURRENCY = YES;
				SWIFT_EMIT_LOC_STRINGS = YES;
				SWIFT_UPCOMING_FEATURE_MEMBER_IMPORT_VISIBILITY = YES;
				SWIFT_VERSION = 5.0;
			};
			name = Debug;
		};
		AAF55DF03057D3B200BB0661 /* Release */ = {
			isa = XCBuildConfiguration;
			buildSettings = {
				CODE_SIGN_STYLE = Automatic;
				CURRENT_PROJECT_VERSION = 1;
				ENABLE_APP_SANDBOX = YES;
				ENABLE_HARDENED_RUNTIME = YES;
				ENABLE_USER_SELECTED_FILES = readonly;
				GENERATE_INFOPLIST_FILE = YES;
				INFOPLIST_FILE = "WebPilot Extension/Info.plist";
				INFOPLIST_KEY_CFBundleDisplayName = "WebPilot Extension";
				INFOPLIST_KEY_NSHumanReadableCopyright = "";
				LD_RUNPATH_SEARCH_PATHS = (
					"$(inherited)",
					"@executable_path/../Frameworks",
					"@executable_path/../../../../Frameworks",
				);
				MACOSX_DEPLOYMENT_TARGET = 10.14;
				MARKETING_VERSION = 1.0;
				OTHER_LDFLAGS = (
					"-framework",
					SafariServices,
				);
				PRODUCT_BUNDLE_IDENTIFIER = com.mohammedhamza.webpilot.Extension;
				PRODUCT_NAME = "$(TARGET_NAME)";
				SKIP_INSTALL = YES;
				STRING_CATALOG_GENERATE_SYMBOLS = YES;
				SWIFT_APPROACHABLE_CONCURRENCY = YES;
				SWIFT_EMIT_LOC_STRINGS = YES;
				SWIFT_UPCOMING_FEATURE_MEMBER_IMPORT_VISIBILITY = YES;
				SWIFT_VERSION = 5.0;
			};
			name = Release;
		};
		AAF55DF33057D3B200BB0661 /* Debug */ = {
			isa = XCBuildConfiguration;
			buildSettings = {
				ASSETCATALOG_COMPILER_APPICON_NAME = AppIcon;
				ASSETCATALOG_COMPILER_GLOBAL_ACCENT_COLOR_NAME = AccentColor;
				CODE_SIGN_STYLE = Automatic;
				COMBINE_HIDPI_IMAGES = YES;
				CURRENT_PROJECT_VERSION = 1;
				ENABLE_APP_SANDBOX = YES;
				ENABLE_HARDENED_RUNTIME = YES;
				ENABLE_OUTGOING_NETWORK_CONNECTIONS = YES;
				ENABLE_USER_SELECTED_FILES = readonly;
				GENERATE_INFOPLIST_FILE = YES;
				INFOPLIST_FILE = WebPilot/Info.plist;
				INFOPLIST_KEY_CFBundleDisplayName = WebPilot;
				INFOPLIST_KEY_NSHumanReadableCopyright = "";
				INFOPLIST_KEY_NSMainStoryboardFile = Main;
				INFOPLIST_KEY_NSPrincipalClass = NSApplication;
				LD_RUNPATH_SEARCH_PATHS = (
					"$(inherited)",
					"@executable_path/../Frameworks",
				);
				MARKETING_VERSION = 1.0;
				OTHER_LDFLAGS = (
					"-framework",
					SafariServices,
					"-framework",
					WebKit,
				);
				PRODUCT_BUNDLE_IDENTIFIER = com.mohammedhamza.WebPilot;
				PRODUCT_NAME = "$(TARGET_NAME)";
				REGISTER_APP_GROUPS = YES;
				STRING_CATALOG_GENERATE_SYMBOLS = YES;
				SWIFT_APPROACHABLE_CONCURRENCY = YES;
				SWIFT_DEFAULT_ACTOR_ISOLATION = MainActor;
				SWIFT_EMIT_LOC_STRINGS = YES;
				SWIFT_UPCOMING_FEATURE_MEMBER_IMPORT_VISIBILITY = YES;
				SWIFT_VERSION = 5.0;
			};
			name = Debug;
		};
		AAF55DF43057D3B200BB0661 /* Release */ = {
			isa = XCBuildConfiguration;
			buildSettings = {
				ASSETCATALOG_COMPILER_APPICON_NAME = AppIcon;
				ASSETCATALOG_COMPILER_GLOBAL_ACCENT_COLOR_NAME = AccentColor;
				CODE_SIGN_STYLE = Automatic;
				COMBINE_HIDPI_IMAGES = YES;
				CURRENT_PROJECT_VERSION = 1;
				ENABLE_APP_SANDBOX = YES;
				ENABLE_HARDENED_RUNTIME = YES;
				ENABLE_OUTGOING_NETWORK_CONNECTIONS = YES;
				ENABLE_USER_SELECTED_FILES = readonly;
				GENERATE_INFOPLIST_FILE = YES;
				INFOPLIST_FILE = WebPilot/Info.plist;
				INFOPLIST_KEY_CFBundleDisplayName = WebPilot;
				INFOPLIST_KEY_NSHumanReadableCopyright = "";
				INFOPLIST_KEY_NSMainStoryboardFile = Main;
				INFOPLIST_KEY_NSPrincipalClass = NSApplication;
				LD_RUNPATH_SEARCH_PATHS = (
					"$(inherited)",
					"@executable_path/../Frameworks",
				);
				MARKETING_VERSION = 1.0;
				OTHER_LDFLAGS = (
					"-framework",
					SafariServices,
					"-framework",
					WebKit,
				);
				PRODUCT_BUNDLE_IDENTIFIER = com.mohammedhamza.WebPilot;
				PRODUCT_NAME = "$(TARGET_NAME)";
				REGISTER_APP_GROUPS = YES;
				STRING_CATALOG_GENERATE_SYMBOLS = YES;
				SWIFT_APPROACHABLE_CONCURRENCY = YES;
				SWIFT_DEFAULT_ACTOR_ISOLATION = MainActor;
				SWIFT_EMIT_LOC_STRINGS = YES;
				SWIFT_UPCOMING_FEATURE_MEMBER_IMPORT_VISIBILITY = YES;
				SWIFT_VERSION = 5.0;
			};
			name = Release;
		};
/* End XCBuildConfiguration section */

/* Begin XCConfigurationList section */
		AAF55DC43057D3B100BB0661 /* Build configuration list for PBXProject "WebPilot" */ = {
			isa = XCConfigurationList;
			buildConfigurations = (
				AAF55DEC3057D3B200BB0661 /* Debug */,
				AAF55DED3057D3B200BB0661 /* Release */,
			);
			defaultConfigurationIsVisible = 0;
			defaultConfigurationName = Release;
		};
		AAF55DEE3057D3B200BB0661 /* Build configuration list for PBXNativeTarget "WebPilot Extension" */ = {
			isa = XCConfigurationList;
			buildConfigurations = (
				AAF55DEF3057D3B200BB0661 /* Debug */,
				AAF55DF03057D3B200BB0661 /* Release */,
			);
			defaultConfigurationIsVisible = 0;
			defaultConfigurationName = Release;
		};
		AAF55DF23057D3B200BB0661 /* Build configuration list for PBXNativeTarget "WebPilot" */ = {
			isa = XCConfigurationList;
			buildConfigurations = (
				AAF55DF33057D3B200BB0661 /* Debug */,
				AAF55DF43057D3B200BB0661 /* Release */,
			);
			defaultConfigurationIsVisible = 0;
			defaultConfigurationName = Release;
		};
/* End XCConfigurationList section */
	};
	rootObject = AAF55DC13057D3B100BB0661 /* Project object */;
}
